# Generated from a successful dev package pipeline. Promote this file unchanged.
RAGENODES_BACKEND_IMAGE=registry.gitlab.com/mariomatos/ragenodesultimate/backend@sha256:245c5de18017ff0aadc92f83fd0787f0ed752f3c7b97a0fda3ffe0c4002d9332
RAGENODES_BOT_IMAGE=registry.gitlab.com/mariomatos/ragenodesultimate/bot@sha256:7aa0fd4162baf6ca7ed35469db473a16dd0a5311b00e64340a52216a61a5a402
RAGENODES_OXIDEPROXY_IMAGE=registry.gitlab.com/mariomatos/ragenodesultimate/oxideproxy@sha256:7b7a178362ddd9bc9548295d44cea2de7b1b27d0df7a40983581e7b9d242dd55
RAGENODES_OXIDE_CONTROL_PANEL_IMAGE=registry.gitlab.com/mariomatos/ragenodesultimate/oxide-control-panel@sha256:d502d5ce64ef0739fa6550204c0daa68cee44415444993b882dacd00c232b342
RAGENODES_RELEASE_REVISION=87e701851449401e5d09537893b292ff4a1c19e2
