# Generated from a successful dev package pipeline. Promote this file unchanged.
RAGENODES_BACKEND_IMAGE=registry.gitlab.com/mariomatos/ragenodesultimate/backend@sha256:711d3c858cfd4371e3c9047b8aff587894116f6d9ac5792e3e735e70f6c7b4b6
RAGENODES_BOT_IMAGE=registry.gitlab.com/mariomatos/ragenodesultimate/bot@sha256:8e279e8f70b9c689f0633a2eae59d550a894ab8d08d6e569e9ad94bbf837ae7e
RAGENODES_OXIDEPROXY_IMAGE=registry.gitlab.com/mariomatos/ragenodesultimate/oxideproxy@sha256:37b764e3c118ee1356e996f65a73c3e16634e3c7df6b0b74c4beb483b60639dc
RAGENODES_OXIDE_CONTROL_PANEL_IMAGE=registry.gitlab.com/mariomatos/ragenodesultimate/oxide-control-panel@sha256:6c894a306e7e456129a9c62162415e4de6e94122b1e5ea4e82bfed4be9d8df54
RAGENODES_RELEASE_REVISION=b856b2bb22ec7cad41b7781338528eb24c1fb7c2
