# Immutable application-image release already verified in staging.
RAGENODES_BACKEND_IMAGE=registry.gitlab.com/mariomatos/ragenodesultimate/backend@sha256:dce8f8997c3e65957ec8a70b30c354c0b3ff250901665be9d61139164ec849fa
RAGENODES_BOT_IMAGE=registry.gitlab.com/mariomatos/ragenodesultimate/bot@sha256:289a75c5d74698cf6e72e4f7c4a923e2b435175a065f9ff5821caf65741934e4
RAGENODES_OXIDEPROXY_IMAGE=registry.gitlab.com/mariomatos/ragenodesultimate/oxideproxy@sha256:1f041bfb464eed7a974fefb3b6f75f2e3c050b1e43d02eb204236f006cfb6392
RAGENODES_OXIDE_CONTROL_PANEL_IMAGE=registry.gitlab.com/mariomatos/ragenodesultimate/oxide-control-panel@sha256:cb00b56e6ca47d19a0750bbf5d3283297db09a2181f6eb61dc8b8c560df9fd92
RAGENODES_RELEASE_REVISION=fb2dbaea25b937c6e2bdde37f73bdc1eb01d1f5a
